<?xml version="1.0" encoding="utf-8"?>
<Project ToolsVersion="4.0" xmlns="http://schemas.microsoft.com/developer/msbuild/2003">
  <ItemGroup>
    <Filter Include="리소스 파일">
      <UniqueIdentifier>{67DA6AB6-F800-4c08-8B7A-83BB121AAD01}</UniqueIdentifier>
      <Extensions>rc;ico;cur;bmp;dlg;rc2;rct;bin;rgs;gif;jpg;jpeg;jpe;resx;tiff;tif;png;wav;mfcribbon-ms</Extensions>
    </Filter>
    <Filter Include="01. Core">
      <UniqueIdentifier>{57154773-e62a-4dc4-9c60-3362fbfe9816}</UniqueIdentifier>
    </Filter>
    <Filter Include="01. Core\01. Timer">
      <UniqueIdentifier>{4e387cc5-3a0f-4e4c-9778-1d8073d2c625}</UniqueIdentifier>
    </Filter>
    <Filter Include="01. Core\02. Input">
      <UniqueIdentifier>{b8aa9a36-8c2d-4fac-8f93-34df5bf7bb8c}</UniqueIdentifier>
    </Filter>
    <Filter Include="02. Scene">
      <UniqueIdentifier>{b292331a-e175-4632-9ffa-ae7a75b7c005}</UniqueIdentifier>
    </Filter>
    <Filter Include="03. Object">
      <UniqueIdentifier>{598230c3-6c3f-4c82-b6eb-547ddb67e29c}</UniqueIdentifier>
    </Filter>
    <Filter Include="WinAPI GameFramework">
      <UniqueIdentifier>{ca2d7a68-3b3a-4962-8526-8961f01cfd87}</UniqueIdentifier>
    </Filter>
    <Filter Include="02. Scene\01. Layer">
      <UniqueIdentifier>{7eeeb990-b46b-464b-97df-5f866ea4157a}</UniqueIdentifier>
    </Filter>
    <Filter Include="02. Scene\02. SceneComponent">
      <UniqueIdentifier>{17fdc712-eb9f-45a2-b2b3-85a5596b395f}</UniqueIdentifier>
    </Filter>
    <Filter Include="03. Object\01. Character">
      <UniqueIdentifier>{d62fd0ee-d2e7-461a-a73d-19986a2a25a5}</UniqueIdentifier>
    </Filter>
    <Filter Include="03. Object\02. Bullet">
      <UniqueIdentifier>{a51194b2-72ae-4703-b1bd-2a470a69fcb6}</UniqueIdentifier>
    </Filter>
  </ItemGroup>
  <ItemGroup>
    <ClCompile Include="core.cpp">
      <Filter>01. Core</Filter>
    </ClCompile>
    <ClCompile Include="timer.cpp">
      <Filter>01. Core\01. Timer</Filter>
    </ClCompile>
    <ClCompile Include="input.cpp">
      <Filter>01. Core\02. Input</Filter>
    </ClCompile>
    <ClCompile Include="Scene\scene_manager.cpp">
      <Filter>02. Scene</Filter>
    </ClCompile>
    <ClCompile Include="Scene\scene.cpp">
      <Filter>02. Scene</Filter>
    </ClCompile>
    <ClCompile Include="Scene\layer.cpp">
      <Filter>02. Scene\01. Layer</Filter>
    </ClCompile>
    <ClCompile Include="Scene\scene_component.cpp">
      <Filter>02. Scene\02. SceneComponent</Filter>
    </ClCompile>
    <ClCompile Include="Scene\main_scene.cpp">
      <Filter>02. Scene\02. SceneComponent</Filter>
    </ClCompile>
    <ClCompile Include="Object\object.cpp">
      <Filter>03. Object</Filter>
    </ClCompile>
    <ClCompile Include="WinAPI GameFramework.cpp">
      <Filter>WinAPI GameFramework</Filter>
    </ClCompile>
    <ClCompile Include="tag.cpp">
      <Filter>WinAPI GameFramework</Filter>
    </ClCompile>
    <ClCompile Include="Object\object_manager.cpp">
      <Filter>03. Object</Filter>
    </ClCompile>
    <ClCompile Include="Object\character.cpp">
      <Filter>03. Object\01. Character</Filter>
    </ClCompile>
    <ClCompile Include="Object\player.cpp">
      <Filter>03. Object\01. Character</Filter>
    </ClCompile>
    <ClCompile Include="Object\bullet.cpp">
      <Filter>03. Object\02. Bullet</Filter>
    </ClCompile>
  </ItemGroup>
  <ItemGroup>
    <ClInclude Include="core.h">
      <Filter>01. Core</Filter>
    </ClInclude>
    <ClInclude Include="timer.h">
      <Filter>01. Core\01. Timer</Filter>
    </ClInclude>
    <ClInclude Include="input.h">
      <Filter>01. Core\02. Input</Filter>
    </ClInclude>
    <ClInclude Include="Scene\scene_manager.h">
      <Filter>02. Scene</Filter>
    </ClInclude>
    <ClInclude Include="Scene\scene.h">
      <Filter>02. Scene</Filter>
    </ClInclude>
    <ClInclude Include="Scene\layer.h">
      <Filter>02. Scene\01. Layer</Filter>
    </ClInclude>
    <ClInclude Include="Scene\scene_component.h">
      <Filter>02. Scene\02. SceneComponent</Filter>
    </ClInclude>
    <ClInclude Include="Scene\main_scene.h">
      <Filter>02. Scene\02. SceneComponent</Filter>
    </ClInclude>
    <ClInclude Include="Object\object.h">
      <Filter>03. Object</Filter>
    </ClInclude>
    <ClInclude Include="resource.h">
      <Filter>WinAPI GameFramework</Filter>
    </ClInclude>
    <ClInclude Include="singleton.h">
      <Filter>WinAPI GameFramework</Filter>
    </ClInclude>
    <ClInclude Include="stdafx.h">
      <Filter>WinAPI GameFramework</Filter>
    </ClInclude>
    <ClInclude Include="tag.h">
      <Filter>WinAPI GameFramework</Filter>
    </ClInclude>
    <ClInclude Include="type.h">
      <Filter>WinAPI GameFramework</Filter>
    </ClInclude>
    <ClInclude Include="Object\object_manager.h">
      <Filter>03. Object</Filter>
    </ClInclude>
    <ClInclude Include="Object\character.h">
      <Filter>03. Object\01. Character</Filter>
    </ClInclude>
    <ClInclude Include="Object\player.h">
      <Filter>03. Object\01. Character</Filter>
    </ClInclude>
    <ClInclude Include="Object\bullet.h">
      <Filter>03. Object\02. Bullet</Filter>
    </ClInclude>
  </ItemGroup>
  <ItemGroup>
    <None Include="Scene\scene.inl">
      <Filter>02. Scene</Filter>
    </None>
    <None Include="type.inl">
      <Filter>WinAPI GameFramework</Filter>
    </None>
    <None Include="singleton.inl">
      <Filter>WinAPI GameFramework</Filter>
    </None>
    <None Include="Object\object_manager.inl">
      <Filter>03. Object</Filter>
    </None>
  </ItemGroup>
  <ItemGroup>
    <ResourceCompile Include="WinAPI GameFramework.rc">
      <Filter>리소스 파일</Filter>
    </ResourceCompile>
  </ItemGroup>
  <ItemGroup>
    <Image Include="icon1.ico">
      <Filter>리소스 파일</Filter>
    </Image>
  </ItemGroup>
</Project>